<?xml version="1.0" encoding="utf-8"?>
<Project ToolsVersion="4.0" xmlns="http://schemas.microsoft.com/developer/msbuild/2003">
  <ItemGroup>
    <ClCompile Include="..\..\Source\main.cpp">
      <Filter>Source</Filter>
    </ClCompile>
    <ClCompile Include="..\..\Source\Game.cpp">
      <Filter>Source</Filter>
    </ClCompile>
    <ClCompile Include="..\..\Source\SpriteComponent.cpp">
      <Filter>Source</Filter>
    </ClCompile>
    <ClCompile Include="..\..\Source\Rect.cpp">
      <Filter>Source</Filter>
    </ClCompile>
    <ClCompile Include="..\..\Source\GameProgress.cpp">
      <Filter>Source</Filter>
    </ClCompile>
    <ClCompile Include="..\..\Source\GameScreenText.cpp">
      <Filter>Source</Filter>
    </ClCompile>
    <ClCompile Include="..\..\Source\GameLogic.cpp">
      <Filter>Source</Filter>
    </ClCompile>
    <ClCompile Include="..\..\Source\Animations.cpp">
      <Filter>Source</Filter>
    </ClCompile>
  </ItemGroup>
  <ItemGroup>
    <Filter Include="Headers">
      <UniqueIdentifier>{02e2ca31-9bb9-45d0-9a75-a2eed8496014}</UniqueIdentifier>
    </Filter>
    <Filter Include="Source">
      <UniqueIdentifier>{150ff3c8-9b98-46c7-9e2b-ccd67ca720c1}</UniqueIdentifier>
    </Filter>
  </ItemGroup>
  <ItemGroup>
    <ClInclude Include="..\..\Source\Game.h">
      <Filter>Headers</Filter>
    </ClInclude>
    <ClInclude Include="..\..\Source\SpriteComponent.h">
      <Filter>Headers</Filter>
    </ClInclude>
    <ClInclude Include="resource.h" />
    <ClInclude Include="..\..\Source\Rect.h">
      <Filter>Headers</Filter>
    </ClInclude>
    <ClInclude Include="..\..\Source\GameProgress.h">
      <Filter>Headers</Filter>
    </ClInclude>
    <ClInclude Include="..\..\Source\GameConstants.h">
      <Filter>Headers</Filter>
    </ClInclude>
    <ClInclude Include="..\..\Source\GameScreenText.h">
      <Filter>Headers</Filter>
    </ClInclude>
    <ClInclude Include="..\..\Source\GameLogic.h">
      <Filter>Headers</Filter>
    </ClInclude>
    <ClInclude Include="..\..\Source\Animations.h">
      <Filter>Headers</Filter>
    </ClInclude>
    <ClInclude Include="..\..\Source\GameStates.h">
      <Filter>Headers</Filter>
    </ClInclude>
    <ClInclude Include="..\..\Source\GameDataType.h">
      <Filter>Headers</Filter>
    </ClInclude>
  </ItemGroup>
  <ItemGroup>
    <ResourceCompile Include="TextAdventureGame.rc" />
  </ItemGroup>
</Project>